// !$*UTF8*$!
{
	archiveVersion = 1;
	classes = {
	};
	objectVersion = 46;
	objects = {

/* Begin PBXBuildFile section */
		650F6EBD1845B0FB007D90FC /* icon@2x.png in Resources */ = {isa = PBXBuildFile; fileRef = 650F6EBA1845B0FB007D90FC /* icon@2x.png */; };
		650F6EBE1845B0FB007D90FC /* Default-568h@2x.png in Resources */ = {isa = PBXBuildFile; fileRef = 650F6EBB1845B0FB007D90FC /* Default-568h@2x.png */; };
		650F6EBF1845B0FB007D90FC /* Default@2x.png in Resources */ = {isa = PBXBuildFile; fileRef = 650F6EBC1845B0FB007D90FC /* Default@2x.png */; };
		65267CB31841602D00FBA5C4 /* SettingViewController.m in Sources */ = {isa = PBXBuildFile; fileRef = 65267CB21841602D00FBA5C4 /* SettingViewController.m */; };
		654ADB4A1840040500241DDB /* Model.xcdatamodeld in Sources */ = {isa = PBXBuildFile; fileRef = 654ADB481840040500241DDB /* Model.xcdatamodeld */; };
		654ADB4D184004BB00241DDB /* History.m in Sources */ = {isa = PBXBuildFile; fileRef = 654ADB4C184004BB00241DDB /* History.m */; };
		654ADB4F184004D100241DDB /* CoreData.framework in Frameworks */ = {isa = PBXBuildFile; fileRef = 654ADB4E184004D100241DDB /* CoreData.framework */; };
		654F3991183F899C00A41EF5 /* Foundation.framework in Frameworks */ = {isa = PBXBuildFile; fileRef = 654F3990183F899C00A41EF5 /* Foundation.framework */; };
		654F3993183F899C00A41EF5 /* CoreGraphics.framework in Frameworks */ = {isa = PBXBuildFile; fileRef = 654F3992183F899C00A41EF5 /* CoreGraphics.framework */; };
		654F3995183F899C00A41EF5 /* UIKit.framework in Frameworks */ = {isa = PBXBuildFile; fileRef = 654F3994183F899C00A41EF5 /* UIKit.framework */; };
		654F399B183F899C00A41EF5 /* InfoPlist.strings in Resources */ = {isa = PBXBuildFile; fileRef = 654F3999183F899C00A41EF5 /* InfoPlist.strings */; };
		654F399D183F899C00A41EF5 /* main.m in Sources */ = {isa = PBXBuildFile; fileRef = 654F399C183F899C00A41EF5 /* main.m */; };
		654F39A1183F899C00A41EF5 /* AppDelegate.m in Sources */ = {isa = PBXBuildFile; fileRef = 654F39A0183F899C00A41EF5 /* AppDelegate.m */; };
		654F39A4183F899C00A41EF5 /* Main.storyboard in Resources */ = {isa = PBXBuildFile; fileRef = 654F39A2183F899C00A41EF5 /* Main.storyboard */; };
		654F39A7183F899C00A41EF5 /* ViewController.m in Sources */ = {isa = PBXBuildFile; fileRef = 654F39A6183F899C00A41EF5 /* ViewController.m */; };
		654F39A9183F899C00A41EF5 /* Images.xcassets in Resources */ = {isa = PBXBuildFile; fileRef = 654F39A8183F899C00A41EF5 /* Images.xcassets */; };
		654F39B0183F899C00A41EF5 /* XCTest.framework in Frameworks */ = {isa = PBXBuildFile; fileRef = 654F39AF183F899C00A41EF5 /* XCTest.framework */; };
		654F39B1183F899C00A41EF5 /* Foundation.framework in Frameworks */ = {isa = PBXBuildFile; fileRef = 654F3990183F899C00A41EF5 /* Foundation.framework */; };
		654F39B2183F899C00A41EF5 /* UIKit.framework in Frameworks */ = {isa = PBXBuildFile; fileRef = 654F3994183F899C00A41EF5 /* UIKit.framework */; };
		6594DC2818462C5D00957C40 /* iAd.framework in Frameworks */ = {isa = PBXBuildFile; fileRef = 6594DC2718462C5D00957C40 /* iAd.framework */; };
		65A225871842304500ED2A36 /* Social.framework in Frameworks */ = {isa = PBXBuildFile; fileRef = 65A225861842304500ED2A36 /* Social.framework */; };
		65B5A1871841446C00EB3707 /* QuartzCore.framework in Frameworks */ = {isa = PBXBuildFile; fileRef = 65B5A1861841446C00EB3707 /* QuartzCore.framework */; };
		65CD7E9618478C510066950D /* icon-60@2x.png in Resources */ = {isa = PBXBuildFile; fileRef = 65CD7E9218478C510066950D /* icon-60@2x.png */; };
		65CD7E9718478C510066950D /* icon-small.png in Resources */ = {isa = PBXBuildFile; fileRef = 65CD7E9318478C510066950D /* icon-small.png */; };
		65CD7E9818478C510066950D /* icon-small@2x.png in Resources */ = {isa = PBXBuildFile; fileRef = 65CD7E9418478C510066950D /* icon-small@2x.png */; };
		65CD7E9918478C510066950D /* icon.png in Resources */ = {isa = PBXBuildFile; fileRef = 65CD7E9518478C510066950D /* icon.png */; };
		65CD7E9B18478D6F0066950D /* icon-small-40@2x.png in Resources */ = {isa = PBXBuildFile; fileRef = 65CD7E9A18478D6F0066950D /* icon-small-40@2x.png */; };
		65CD7E9D18478E3A0066950D /* Default.png in Resources */ = {isa = PBXBuildFile; fileRef = 65CD7E9C18478E3A0066950D /* Default.png */; };
		65F4DA071855F2A10026CDB5 /* StoreKit.framework in Frameworks */ = {isa = PBXBuildFile; fileRef = 65F4DA061855F2A10026CDB5 /* StoreKit.framework */; };
		65F4DA091855F2B00026CDB5 /* AudioToolbox.framework in Frameworks */ = {isa = PBXBuildFile; fileRef = 65F4DA081855F2B00026CDB5 /* AudioToolbox.framework */; };
		65F4DA0B1855F2C20026CDB5 /* MessageUI.framework in Frameworks */ = {isa = PBXBuildFile; fileRef = 65F4DA0A1855F2C20026CDB5 /* MessageUI.framework */; };
		65F4DA0D1855F2D30026CDB5 /* SystemConfiguration.framework in Frameworks */ = {isa = PBXBuildFile; fileRef = 65F4DA0C1855F2D30026CDB5 /* SystemConfiguration.framework */; };
		65F4DA0F1855F2DD0026CDB5 /* AdSupport.framework in Frameworks */ = {isa = PBXBuildFile; fileRef = 65F4DA0E1855F2DD0026CDB5 /* AdSupport.framework */; };
		65F4DA1B1855F70A0026CDB5 /* libGoogleAdMobAds.a in Frameworks */ = {isa = PBXBuildFile; fileRef = 65F4DA1A1855F70A0026CDB5 /* libGoogleAdMobAds.a */; };
		65F4DA1D1855FC5A0026CDB5 /* AVFoundation.framework in Frameworks */ = {isa = PBXBuildFile; fileRef = 65F4DA1C1855FC5A0026CDB5 /* AVFoundation.framework */; };
/* End PBXBuildFile section */

/* Begin PBXContainerItemProxy section */
		654F39B3183F899C00A41EF5 /* PBXContainerItemProxy */ = {
			isa = PBXContainerItemProxy;
			containerPortal = 654F3985183F899C00A41EF5 /* Project object */;
			proxyType = 1;
			remoteGlobalIDString = 654F398C183F899C00A41EF5;
			remoteInfo = "No connection Dictionary";
		};
/* End PBXContainerItemProxy section */

/* Begin PBXFileReference section */
		650F6EBA1845B0FB007D90FC /* icon@2x.png */ = {isa = PBXFileReference; lastKnownFileType = image.png; name = "icon@2x.png"; path = "images/icon@2x.png"; sourceTree = "<group>"; };
		650F6EBB1845B0FB007D90FC /* Default-568h@2x.png */ = {isa = PBXFileReference; lastKnownFileType = image.png; name = "Default-568h@2x.png"; path = "images/Default-568h@2x.png"; sourceTree = "<group>"; };
		650F6EBC1845B0FB007D90FC /* Default@2x.png */ = {isa = PBXFileReference; lastKnownFileType = image.png; name = "Default@2x.png"; path = "images/Default@2x.png"; sourceTree = "<group>"; };
		65267CB11841602D00FBA5C4 /* SettingViewController.h */ = {isa = PBXFileReference; fileEncoding = 4; lastKnownFileType = sourcecode.c.h; path = SettingViewController.h; sourceTree = "<group>"; };
		65267CB21841602D00FBA5C4 /* SettingViewController.m */ = {isa = PBXFileReference; fileEncoding = 4; lastKnownFileType = sourcecode.c.objc; path = SettingViewController.m; sourceTree = "<group>"; };
		654ADB491840040500241DDB /* Model.xcdatamodel */ = {isa = PBXFileReference; lastKnownFileType = wrapper.xcdatamodel; path = Model.xcdatamodel; sourceTree = "<group>"; };
		654ADB4B184004BB00241DDB /* History.h */ = {isa = PBXFileReference; fileEncoding = 4; lastKnownFileType = sourcecode.c.h; path = History.h; sourceTree = "<group>"; };
		654ADB4C184004BB00241DDB /* History.m */ = {isa = PBXFileReference; fileEncoding = 4; lastKnownFileType = sourcecode.c.objc; path = History.m; sourceTree = "<group>"; };
		654ADB4E184004D100241DDB /* CoreData.framework */ = {isa = PBXFileReference; lastKnownFileType = wrapper.framework; name = CoreData.framework; path = System/Library/Frameworks/CoreData.framework; sourceTree = SDKROOT; };
		654F398D183F899C00A41EF5 /* Off Search.app */ = {isa = PBXFileReference; explicitFileType = wrapper.application; includeInIndex = 0; path = "Off Search.app"; sourceTree = BUILT_PRODUCTS_DIR; };
		654F3990183F899C00A41EF5 /* Foundation.framework */ = {isa = PBXFileReference; lastKnownFileType = wrapper.framework; name = Foundation.framework; path = System/Library/Frameworks/Foundation.framework; sourceTree = SDKROOT; };
		654F3992183F899C00A41EF5 /* CoreGraphics.framework */ = {isa = PBXFileReference; lastKnownFileType = wrapper.framework; name = CoreGraphics.framework; path = System/Library/Frameworks/CoreGraphics.framework; sourceTree = SDKROOT; };
		654F3994183F899C00A41EF5 /* UIKit.framework */ = {isa = PBXFileReference; lastKnownFileType = wrapper.framework; name = UIKit.framework; path = System/Library/Frameworks/UIKit.framework; sourceTree = SDKROOT; };
		654F399A183F899C00A41EF5 /* en */ = {isa = PBXFileReference; lastKnownFileType = text.plist.strings; name = en; path = en.lproj/InfoPlist.strings; sourceTree = "<group>"; };
		654F399C183F899C00A41EF5 /* main.m */ = {isa = PBXFileReference; lastKnownFileType = sourcecode.c.objc; path = main.m; sourceTree = "<group>"; };
		654F399E183F899C00A41EF5 /* Off Search-Prefix.pch */ = {isa = PBXFileReference; lastKnownFileType = sourcecode.c.h; path = "Off Search-Prefix.pch"; sourceTree = "<group>"; };
		654F399F183F899C00A41EF5 /* AppDelegate.h */ = {isa = PBXFileReference; lastKnownFileType = sourcecode.c.h; path = AppDelegate.h; sourceTree = "<group>"; };
		654F39A0183F899C00A41EF5 /* AppDelegate.m */ = {isa = PBXFileReference; lastKnownFileType = sourcecode.c.objc; path = AppDelegate.m; sourceTree = "<group>"; };
		654F39A3183F899C00A41EF5 /* Base */ = {isa = PBXFileReference; lastKnownFileType = file.storyboard; name = Base; path = Base.lproj/Main.storyboard; sourceTree = "<group>"; };
		654F39A5183F899C00A41EF5 /* ViewController.h */ = {isa = PBXFileReference; lastKnownFileType = sourcecode.c.h; path = ViewController.h; sourceTree = "<group>"; };
		654F39A6183F899C00A41EF5 /* ViewController.m */ = {isa = PBXFileReference; lastKnownFileType = sourcecode.c.objc; path = ViewController.m; sourceTree = "<group>"; };
		654F39A8183F899C00A41EF5 /* Images.xcassets */ = {isa = PBXFileReference; lastKnownFileType = folder.assetcatalog; path = Images.xcassets; sourceTree = "<group>"; };
		654F39AE183F899C00A41EF5 /* Off SearchTests.xctest */ = {isa = PBXFileReference; explicitFileType = wrapper.cfbundle; includeInIndex = 0; path = "Off SearchTests.xctest"; sourceTree = BUILT_PRODUCTS_DIR; };
		654F39AF183F899C00A41EF5 /* XCTest.framework */ = {isa = PBXFileReference; lastKnownFileType = wrapper.framework; name = XCTest.framework; path = Library/Frameworks/XCTest.framework; sourceTree = DEVELOPER_DIR; };
		6594DC2718462C5D00957C40 /* iAd.framework */ = {isa = PBXFileReference; lastKnownFileType = wrapper.framework; name = iAd.framework; path = System/Library/Frameworks/iAd.framework; sourceTree = SDKROOT; };
		65A225861842304500ED2A36 /* Social.framework */ = {isa = PBXFileReference; lastKnownFileType = wrapper.framework; name = Social.framework; path = System/Library/Frameworks/Social.framework; sourceTree = SDKROOT; };
		65B5A1861841446C00EB3707 /* QuartzCore.framework */ = {isa = PBXFileReference; lastKnownFileType = wrapper.framework; name = QuartzCore.framework; path = System/Library/Frameworks/QuartzCore.framework; sourceTree = SDKROOT; };
		65C22D4518463F5900DC3232 /* Off Search-Info.plist */ = {isa = PBXFileReference; fileEncoding = 4; lastKnownFileType = text.plist.xml; path = "Off Search-Info.plist"; sourceTree = "<group>"; };
		65CD7E9218478C510066950D /* icon-60@2x.png */ = {isa = PBXFileReference; lastKnownFileType = image.png; name = "icon-60@2x.png"; path = "images/icon-60@2x.png"; sourceTree = "<group>"; };
		65CD7E9318478C510066950D /* icon-small.png */ = {isa = PBXFileReference; lastKnownFileType = image.png; name = "icon-small.png"; path = "images/icon-small.png"; sourceTree = "<group>"; };
		65CD7E9418478C510066950D /* icon-small@2x.png */ = {isa = PBXFileReference; lastKnownFileType = image.png; name = "icon-small@2x.png"; path = "images/icon-small@2x.png"; sourceTree = "<group>"; };
		65CD7E9518478C510066950D /* icon.png */ = {isa = PBXFileReference; lastKnownFileType = image.png; name = icon.png; path = images/icon.png; sourceTree = "<group>"; };
		65CD7E9A18478D6F0066950D /* icon-small-40@2x.png */ = {isa = PBXFileReference; lastKnownFileType = image.png; name = "icon-small-40@2x.png"; path = "images/icon-small-40@2x.png"; sourceTree = "<group>"; };
		65CD7E9C18478E3A0066950D /* Default.png */ = {isa = PBXFileReference; lastKnownFileType = image.png; name = Default.png; path = images/Default.png; sourceTree = "<group>"; };
		65F4DA061855F2A10026CDB5 /* StoreKit.framework */ = {isa = PBXFileReference; lastKnownFileType = wrapper.framework; name = StoreKit.framework; path = System/Library/Frameworks/StoreKit.framework; sourceTree = SDKROOT; };
		65F4DA081855F2B00026CDB5 /* AudioToolbox.framework */ = {isa = PBXFileReference; lastKnownFileType = wrapper.framework; name = AudioToolbox.framework; path = System/Library/Frameworks/AudioToolbox.framework; sourceTree = SDKROOT; };
		65F4DA0A1855F2C20026CDB5 /* MessageUI.framework */ = {isa = PBXFileReference; lastKnownFileType = wrapper.framework; name = MessageUI.framework; path = System/Library/Frameworks/MessageUI.framework; sourceTree = SDKROOT; };
		65F4DA0C1855F2D30026CDB5 /* SystemConfiguration.framework */ = {isa = PBXFileReference; lastKnownFileType = wrapper.framework; name = SystemConfiguration.framework; path = System/Library/Frameworks/SystemConfiguration.framework; sourceTree = SDKROOT; };
		65F4DA0E1855F2DD0026CDB5 /* AdSupport.framework */ = {isa = PBXFileReference; lastKnownFileType = wrapper.framework; name = AdSupport.framework; path = System/Library/Frameworks/AdSupport.framework; sourceTree = SDKROOT; };
		65F4DA111855F70A0026CDB5 /* GADAdMobExtras.h */ = {isa = PBXFileReference; fileEncoding = 4; lastKnownFileType = sourcecode.c.h; name = GADAdMobExtras.h; path = Ad/Admob/GADAdMobExtras.h; sourceTree = "<group>"; };
		65F4DA121855F70A0026CDB5 /* GADAdNetworkExtras.h */ = {isa = PBXFileReference; fileEncoding = 4; lastKnownFileType = sourcecode.c.h; name = GADAdNetworkExtras.h; path = Ad/Admob/GADAdNetworkExtras.h; sourceTree = "<group>"; };
		65F4DA131855F70A0026CDB5 /* GADRequest.h */ = {isa = PBXFileReference; fileEncoding = 4; lastKnownFileType = sourcecode.c.h; name = GADRequest.h; path = Ad/Admob/GADRequest.h; sourceTree = "<group>"; };
		65F4DA141855F70A0026CDB5 /* GADRequestError.h */ = {isa = PBXFileReference; fileEncoding = 4; lastKnownFileType = sourcecode.c.h; name = GADRequestError.h; path = Ad/Admob/GADRequestError.h; sourceTree = "<group>"; };
		65F4DA151855F70A0026CDB5 /* GADAdSize.h */ = {isa = PBXFileReference; fileEncoding = 4; lastKnownFileType = sourcecode.c.h; name = GADAdSize.h; path = Ad/Admob/GADAdSize.h; sourceTree = "<group>"; };
		65F4DA161855F70A0026CDB5 /* GADBannerView.h */ = {isa = PBXFileReference; fileEncoding = 4; lastKnownFileType = sourcecode.c.h; name = GADBannerView.h; path = Ad/Admob/GADBannerView.h; sourceTree = "<group>"; };
		65F4DA171855F70A0026CDB5 /* GADBannerViewDelegate.h */ = {isa = PBXFileReference; fileEncoding = 4; lastKnownFileType = sourcecode.c.h; name = GADBannerViewDelegate.h; path = Ad/Admob/GADBannerViewDelegate.h; sourceTree = "<group>"; };
		65F4DA181855F70A0026CDB5 /* GADInterstitial.h */ = {isa = PBXFileReference; fileEncoding = 4; lastKnownFileType = sourcecode.c.h; name = GADInterstitial.h; path = Ad/Admob/GADInterstitial.h; sourceTree = "<group>"; };
		65F4DA191855F70A0026CDB5 /* GADInterstitialDelegate.h */ = {isa = PBXFileReference; fileEncoding = 4; lastKnownFileType = sourcecode.c.h; name = GADInterstitialDelegate.h; path = Ad/Admob/GADInterstitialDelegate.h; sourceTree = "<group>"; };
		65F4DA1A1855F70A0026CDB5 /* libGoogleAdMobAds.a */ = {isa = PBXFileReference; lastKnownFileType = archive.ar; name = libGoogleAdMobAds.a; path = Ad/Admob/libGoogleAdMobAds.a; sourceTree = "<group>"; };
		65F4DA1C1855FC5A0026CDB5 /* AVFoundation.framework */ = {isa = PBXFileReference; lastKnownFileType = wrapper.framework; name = AVFoundation.framework; path = System/Library/Frameworks/AVFoundation.framework; sourceTree = SDKROOT; };
/* End PBXFileReference section */

/* Begin PBXFrameworksBuildPhase section */
		654F398A183F899C00A41EF5 /* Frameworks */ = {
			isa = PBXFrameworksBuildPhase;
			buildActionMask = 2147483647;
			files = (
				65F4DA1D1855FC5A0026CDB5 /* AVFoundation.framework in Frameworks */,
				65F4DA1B1855F70A0026CDB5 /* libGoogleAdMobAds.a in Frameworks */,
				65F4DA0F1855F2DD0026CDB5 /* AdSupport.framework in Frameworks */,
				65F4DA0D1855F2D30026CDB5 /* SystemConfiguration.framework in Frameworks */,
				65F4DA0B1855F2C20026CDB5 /* MessageUI.framework in Frameworks */,
				65F4DA091855F2B00026CDB5 /* AudioToolbox.framework in Frameworks */,
				65F4DA071855F2A10026CDB5 /* StoreKit.framework in Frameworks */,
				6594DC2818462C5D00957C40 /* iAd.framework in Frameworks */,
				65A225871842304500ED2A36 /* Social.framework in Frameworks */,
				65B5A1871841446C00EB3707 /* QuartzCore.framework in Frameworks */,
				654ADB4F184004D100241DDB /* CoreData.framework in Frameworks */,
				654F3993183F899C00A41EF5 /* CoreGraphics.framework in Frameworks */,
				654F3995183F899C00A41EF5 /* UIKit.framework in Frameworks */,
				654F3991183F899C00A41EF5 /* Foundation.framework in Frameworks */,
			);
			runOnlyForDeploymentPostprocessing = 0;
		};
		654F39AB183F899C00A41EF5 /* Frameworks */ = {
			isa = PBXFrameworksBuildPhase;
			buildActionMask = 2147483647;
			files = (
				654F39B0183F899C00A41EF5 /* XCTest.framework in Frameworks */,
				654F39B2183F899C00A41EF5 /* UIKit.framework in Frameworks */,
				654F39B1183F899C00A41EF5 /* Foundation.framework in Frameworks */,
			);
			runOnlyForDeploymentPostprocessing = 0;
		};
/* End PBXFrameworksBuildPhase section */

/* Begin PBXGroup section */
		654F3984183F899C00A41EF5 = {
			isa = PBXGroup;
			children = (
				654F3996183F899C00A41EF5 /* Off Search */,
				654F398F183F899C00A41EF5 /* Frameworks */,
				654F398E183F899C00A41EF5 /* Products */,
			);
			sourceTree = "<group>";
		};
		654F398E183F899C00A41EF5 /* Products */ = {
			isa = PBXGroup;
			children = (
				654F398D183F899C00A41EF5 /* Off Search.app */,
				654F39AE183F899C00A41EF5 /* Off SearchTests.xctest */,
			);
			name = Products;
			sourceTree = "<group>";
		};
		654F398F183F899C00A41EF5 /* Frameworks */ = {
			isa = PBXGroup;
			children = (
				65F4DA1C1855FC5A0026CDB5 /* AVFoundation.framework */,
				65F4DA0E1855F2DD0026CDB5 /* AdSupport.framework */,
				65F4DA0C1855F2D30026CDB5 /* SystemConfiguration.framework */,
				65F4DA0A1855F2C20026CDB5 /* MessageUI.framework */,
				65F4DA081855F2B00026CDB5 /* AudioToolbox.framework */,
				65F4DA061855F2A10026CDB5 /* StoreKit.framework */,
				6594DC2718462C5D00957C40 /* iAd.framework */,
				65A225861842304500ED2A36 /* Social.framework */,
				65B5A1861841446C00EB3707 /* QuartzCore.framework */,
				654ADB4E184004D100241DDB /* CoreData.framework */,
				654F3990183F899C00A41EF5 /* Foundation.framework */,
				654F3992183F899C00A41EF5 /* CoreGraphics.framework */,
				654F3994183F899C00A41EF5 /* UIKit.framework */,
				654F39AF183F899C00A41EF5 /* XCTest.framework */,
			);
			name = Frameworks;
			sourceTree = "<group>";
		};
		654F3996183F899C00A41EF5 /* Off Search */ = {
			isa = PBXGroup;
			children = (
				65B5A18518401DE900EB3707 /* model */,
				65F4D9EF1855F1DF0026CDB5 /* Ad */,
				654F399F183F899C00A41EF5 /* AppDelegate.h */,
				654F39A0183F899C00A41EF5 /* AppDelegate.m */,
				654F39A2183F899C00A41EF5 /* Main.storyboard */,
				654F39A5183F899C00A41EF5 /* ViewController.h */,
				654F39A6183F899C00A41EF5 /* ViewController.m */,
				65267CB11841602D00FBA5C4 /* SettingViewController.h */,
				65267CB21841602D00FBA5C4 /* SettingViewController.m */,
				654F39A8183F899C00A41EF5 /* Images.xcassets */,
				654F3997183F899C00A41EF5 /* Supporting Files */,
			);
			path = "Off Search";
			sourceTree = "<group>";
		};
		654F3997183F899C00A41EF5 /* Supporting Files */ = {
			isa = PBXGroup;
			children = (
				65F775F01843B980006BD964 /* images */,
				65C22D4518463F5900DC3232 /* Off Search-Info.plist */,
				654F3999183F899C00A41EF5 /* InfoPlist.strings */,
				654F399C183F899C00A41EF5 /* main.m */,
				654F399E183F899C00A41EF5 /* Off Search-Prefix.pch */,
			);
			name = "Supporting Files";
			sourceTree = "<group>";
		};
		65B5A18518401DE900EB3707 /* model */ = {
			isa = PBXGroup;
			children = (
				654ADB481840040500241DDB /* Model.xcdatamodeld */,
				654ADB4B184004BB00241DDB /* History.h */,
				654ADB4C184004BB00241DDB /* History.m */,
			);
			name = model;
			sourceTree = "<group>";
		};
		65F4D9EF1855F1DF0026CDB5 /* Ad */ = {
			isa = PBXGroup;
			children = (
				65F4DA101855F6CE0026CDB5 /* Admob */,
			);
			name = Ad;
			sourceTree = "<group>";
		};
		65F4DA101855F6CE0026CDB5 /* Admob */ = {
			isa = PBXGroup;
			children = (
				65F4DA111855F70A0026CDB5 /* GADAdMobExtras.h */,
				65F4DA121855F70A0026CDB5 /* GADAdNetworkExtras.h */,
				65F4DA131855F70A0026CDB5 /* GADRequest.h */,
				65F4DA141855F70A0026CDB5 /* GADRequestError.h */,
				65F4DA151855F70A0026CDB5 /* GADAdSize.h */,
				65F4DA161855F70A0026CDB5 /* GADBannerView.h */,
				65F4DA171855F70A0026CDB5 /* GADBannerViewDelegate.h */,
				65F4DA181855F70A0026CDB5 /* GADInterstitial.h */,
				65F4DA191855F70A0026CDB5 /* GADInterstitialDelegate.h */,
				65F4DA1A1855F70A0026CDB5 /* libGoogleAdMobAds.a */,
			);
			name = Admob;
			sourceTree = "<group>";
		};
		65F775F01843B980006BD964 /* images */ = {
			isa = PBXGroup;
			children = (
				65CD7E9C18478E3A0066950D /* Default.png */,
				65CD7E9A18478D6F0066950D /* icon-small-40@2x.png */,
				65CD7E9218478C510066950D /* icon-60@2x.png */,
				65CD7E9318478C510066950D /* icon-small.png */,
				65CD7E9418478C510066950D /* icon-small@2x.png */,
				65CD7E9518478C510066950D /* icon.png */,
				650F6EBA1845B0FB007D90FC /* icon@2x.png */,
				650F6EBB1845B0FB007D90FC /* Default-568h@2x.png */,
				650F6EBC1845B0FB007D90FC /* Default@2x.png */,
			);
			name = images;
			sourceTree = "<group>";
		};
/* End PBXGroup section */

/* Begin PBXNativeTarget section */
		654F398C183F899C00A41EF5 /* Off Search */ = {
			isa = PBXNativeTarget;
			buildConfigurationList = 654F39BF183F899C00A41EF5 /* Build configuration list for PBXNativeTarget "Off Search" */;
			buildPhases = (
				654F3989183F899C00A41EF5 /* Sources */,
				654F398A183F899C00A41EF5 /* Frameworks */,
				654F398B183F899C00A41EF5 /* Resources */,
			);
			buildRules = (
			);
			dependencies = (
			);
			name = "Off Search";
			productName = "No connection Dictionary";
			productReference = 654F398D183F899C00A41EF5 /* Off Search.app */;
			productType = "com.apple.product-type.application";
		};
		654F39AD183F899C00A41EF5 /* Off SearchTests */ = {
			isa = PBXNativeTarget;
			buildConfigurationList = 654F39C2183F899C00A41EF5 /* Build configuration list for PBXNativeTarget "Off SearchTests" */;
			buildPhases = (
				654F39AA183F899C00A41EF5 /* Sources */,
				654F39AB183F899C00A41EF5 /* Frameworks */,
				654F39AC183F899C00A41EF5 /* Resources */,
			);
			buildRules = (
			);
			dependencies = (
				654F39B4183F899C00A41EF5 /* PBXTargetDependency */,
			);
			name = "Off SearchTests";
			productName = "No connection DictionaryTests";
			productReference = 654F39AE183F899C00A41EF5 /* Off SearchTests.xctest */;
			productType = "com.apple.product-type.bundle.unit-test";
		};
/* End PBXNativeTarget section */

/* Begin PBXProject section */
		654F3985183F899C00A41EF5 /* Project object */ = {
			isa = PBXProject;
			attributes = {
				LastUpgradeCheck = 0500;
				ORGANIZATIONNAME = "Shinya Hirai";
				TargetAttributes = {
					654F398C183F899C00A41EF5 = {
						DevelopmentTeam = N5K8G7XZX2;
					};
					654F39AD183F899C00A41EF5 = {
						TestTargetID = 654F398C183F899C00A41EF5;
					};
				};
			};
			buildConfigurationList = 654F3988183F899C00A41EF5 /* Build configuration list for PBXProject "Off Search" */;
			compatibilityVersion = "Xcode 3.2";
			developmentRegion = English;
			hasScannedForEncodings = 0;
			knownRegions = (
				en,
				Base,
			);
			mainGroup = 654F3984183F899C00A41EF5;
			productRefGroup = 654F398E183F899C00A41EF5 /* Products */;
			projectDirPath = "";
			projectRoot = "";
			targets = (
				654F398C183F899C00A41EF5 /* Off Search */,
				654F39AD183F899C00A41EF5 /* Off SearchTests */,
			);
		};
/* End PBXProject section */

/* Begin PBXResourcesBuildPhase section */
		654F398B183F899C00A41EF5 /* Resources */ = {
			isa = PBXResourcesBuildPhase;
			buildActionMask = 2147483647;
			files = (
				65CD7E9718478C510066950D /* icon-small.png in Resources */,
				650F6EBF1845B0FB007D90FC /* Default@2x.png in Resources */,
				654F39A9183F899C00A41EF5 /* Images.xcassets in Resources */,
				65CD7E9618478C510066950D /* icon-60@2x.png in Resources */,
				650F6EBD1845B0FB007D90FC /* icon@2x.png in Resources */,
				65CD7E9B18478D6F0066950D /* icon-small-40@2x.png in Resources */,
				654F399B183F899C00A41EF5 /* InfoPlist.strings in Resources */,
				65CD7E9D18478E3A0066950D /* Default.png in Resources */,
				65CD7E9918478C510066950D /* icon.png in Resources */,
				65CD7E9818478C510066950D /* icon-small@2x.png in Resources */,
				650F6EBE1845B0FB007D90FC /* Default-568h@2x.png in Resources */,
				654F39A4183F899C00A41EF5 /* Main.storyboard in Resources */,
			);
			runOnlyForDeploymentPostprocessing = 0;
		};
		654F39AC183F899C00A41EF5 /* Resources */ = {
			isa = PBXResourcesBuildPhase;
			buildActionMask = 2147483647;
			files = (
			);
			runOnlyForDeploymentPostprocessing = 0;
		};
/* End PBXResourcesBuildPhase section */

/* Begin PBXSourcesBuildPhase section */
		654F3989183F899C00A41EF5 /* Sources */ = {
			isa = PBXSourcesBuildPhase;
			buildActionMask = 2147483647;
			files = (
				654F39A7183F899C00A41EF5 /* ViewController.m in Sources */,
				654F39A1183F899C00A41EF5 /* AppDelegate.m in Sources */,
				654F399D183F899C00A41EF5 /* main.m in Sources */,
				654ADB4D184004BB00241DDB /* History.m in Sources */,
				654ADB4A1840040500241DDB /* Model.xcdatamodeld in Sources */,
				65267CB31841602D00FBA5C4 /* SettingViewController.m in Sources */,
			);
			runOnlyForDeploymentPostprocessing = 0;
		};
		654F39AA183F899C00A41EF5 /* Sources */ = {
			isa = PBXSourcesBuildPhase;
			buildActionMask = 2147483647;
			files = (
			);
			runOnlyForDeploymentPostprocessing = 0;
		};
/* End PBXSourcesBuildPhase section */

/* Begin PBXTargetDependency section */
		654F39B4183F899C00A41EF5 /* PBXTargetDependency */ = {
			isa = PBXTargetDependency;
			target = 654F398C183F899C00A41EF5 /* Off Search */;
			targetProxy = 654F39B3183F899C00A41EF5 /* PBXContainerItemProxy */;
		};
/* End PBXTargetDependency section */

/* Begin PBXVariantGroup section */
		654F3999183F899C00A41EF5 /* InfoPlist.strings */ = {
			isa = PBXVariantGroup;
			children = (
				654F399A183F899C00A41EF5 /* en */,
			);
			name = InfoPlist.strings;
			sourceTree = "<group>";
		};
		654F39A2183F899C00A41EF5 /* Main.storyboard */ = {
			isa = PBXVariantGroup;
			children = (
				654F39A3183F899C00A41EF5 /* Base */,
			);
			name = Main.storyboard;
			sourceTree = "<group>";
		};
/* End PBXVariantGroup section */

/* Begin XCBuildConfiguration section */
		654F39BD183F899C00A41EF5 /* Debug */ = {
			isa = XCBuildConfiguration;
			buildSettings = {
				ALWAYS_SEARCH_USER_PATHS = NO;
				ARCHS = "$(ARCHS_STANDARD_INCLUDING_64_BIT)";
				CLANG_CXX_LANGUAGE_STANDARD = "gnu++0x";
				CLANG_CXX_LIBRARY = "libc++";
				CLANG_ENABLE_MODULES = YES;
				CLANG_ENABLE_OBJC_ARC = YES;
				CLANG_WARN_BOOL_CONVERSION = YES;
				CLANG_WARN_CONSTANT_CONVERSION = YES;
				CLANG_WARN_DIRECT_OBJC_ISA_USAGE = YES_ERROR;
				CLANG_WARN_EMPTY_BODY = YES;
				CLANG_WARN_ENUM_CONVERSION = YES;
				CLANG_WARN_INT_CONVERSION = YES;
				CLANG_WARN_OBJC_ROOT_CLASS = YES_ERROR;
				CLANG_WARN__DUPLICATE_METHOD_MATCH = YES;
				CODE_SIGN_IDENTITY = "iPhone Developer: Shinya Hirai (6HQU2J742P)";
				"CODE_SIGN_IDENTITY[sdk=iphoneos*]" = "iPhone Developer: Shinya Hirai (6HQU2J742P)";
				COPY_PHASE_STRIP = NO;
				GCC_C_LANGUAGE_STANDARD = gnu99;
				GCC_DYNAMIC_NO_PIC = NO;
				GCC_OPTIMIZATION_LEVEL = 0;
				GCC_PREPROCESSOR_DEFINITIONS = (
					"DEBUG=1",
					"$(inherited)",
				);
				GCC_SYMBOLS_PRIVATE_EXTERN = NO;
				GCC_WARN_64_TO_32_BIT_CONVERSION = YES;
				GCC_WARN_ABOUT_RETURN_TYPE = YES_ERROR;
				GCC_WARN_UNDECLARED_SELECTOR = YES;
				GCC_WARN_UNINITIALIZED_AUTOS = YES;
				GCC_WARN_UNUSED_FUNCTION = YES;
				GCC_WARN_UNUSED_VARIABLE = YES;
				IPHONEOS_DEPLOYMENT_TARGET = 7.0;
				ONLY_ACTIVE_ARCH = YES;
				PROVISIONING_PROFILE = "";
				SDKROOT = iphoneos;
			};
			name = Debug;
		};
		654F39BE183F899C00A41EF5 /* Release */ = {
			isa = XCBuildConfiguration;
			buildSettings = {
				ALWAYS_SEARCH_USER_PATHS = NO;
				ARCHS = "$(ARCHS_STANDARD_INCLUDING_64_BIT)";
				CLANG_CXX_LANGUAGE_STANDARD = "gnu++0x";
				CLANG_CXX_LIBRARY = "libc++";
				CLANG_ENABLE_MODULES = YES;
				CLANG_ENABLE_OBJC_ARC = YES;
				CLANG_WARN_BOOL_CONVERSION = YES;
				CLANG_WARN_CONSTANT_CONVERSION = YES;
				CLANG_WARN_DIRECT_OBJC_ISA_USAGE = YES_ERROR;
				CLANG_WARN_EMPTY_BODY = YES;
				CLANG_WARN_ENUM_CONVERSION = YES;
				CLANG_WARN_INT_CONVERSION = YES;
				CLANG_WARN_OBJC_ROOT_CLASS = YES_ERROR;
				CLANG_WARN__DUPLICATE_METHOD_MATCH = YES;
				CODE_SIGN_IDENTITY = "";
				"CODE_SIGN_IDENTITY[sdk=iphoneos*]" = "";
				COPY_PHASE_STRIP = YES;
				ENABLE_NS_ASSERTIONS = NO;
				GCC_C_LANGUAGE_STANDARD = gnu99;
				GCC_WARN_64_TO_32_BIT_CONVERSION = YES;
				GCC_WARN_ABOUT_RETURN_TYPE = YES_ERROR;
				GCC_WARN_UNDECLARED_SELECTOR = YES;
				GCC_WARN_UNINITIALIZED_AUTOS = YES;
				GCC_WARN_UNUSED_FUNCTION = YES;
				GCC_WARN_UNUSED_VARIABLE = YES;
				IPHONEOS_DEPLOYMENT_TARGET = 7.0;
				PROVISIONING_PROFILE = "";
				SDKROOT = iphoneos;
				VALIDATE_PRODUCT = YES;
			};
			name = Release;
		};
		654F39C0183F899C00A41EF5 /* Debug */ = {
			isa = XCBuildConfiguration;
			buildSettings = {
				ASSETCATALOG_COMPILER_APPICON_NAME = AppIcon;
				ASSETCATALOG_COMPILER_LAUNCHIMAGE_NAME = LaunchImage;
				CODE_SIGN_IDENTITY = "iPhone Developer: Shinya Hirai (6HQU2J742P)";
				"CODE_SIGN_IDENTITY[sdk=iphoneos*]" = "iPhone Developer: Shinya Hirai (6HQU2J742P)";
				GCC_PRECOMPILE_PREFIX_HEADER = YES;
				GCC_PREFIX_HEADER = "Off Search/Off Search-Prefix.pch";
				INFOPLIST_FILE = "$(SRCROOT)/Off Search/Off Search-Info.plist";
				IPHONEOS_DEPLOYMENT_TARGET = 7.0;
				LIBRARY_SEARCH_PATHS = (
					"$(inherited)",
					"/Users/shinyahirai/Desktop/github/OffSearch_ver.2/Off\\ Search/Off\\ Search",
					"/Users/shinyahirai/Desktop/github/OffSearch_ver.2/Off\\ Search/Off\\ Search/Ad",
					"/Users/shinyahirai/Desktop/github/OffSearch_ver.2/Off\\ Search/Off\\ Search/Ad/Admob",
				);
				OTHER_LDFLAGS = "-ObjC";
				PRODUCT_NAME = "Off Search";
				PROVISIONING_PROFILE = "";
				TARGETED_DEVICE_FAMILY = 1;
				WRAPPER_EXTENSION = app;
			};
			name = Debug;
		};
		654F39C1183F899C00A41EF5 /* Release */ = {
			isa = XCBuildConfiguration;
			buildSettings = {
				ASSETCATALOG_COMPILER_APPICON_NAME = AppIcon;
				ASSETCATALOG_COMPILER_LAUNCHIMAGE_NAME = LaunchImage;
				CODE_SIGN_IDENTITY = "iPhone Developer: Shinya Hirai (6HQU2J742P)";
				"CODE_SIGN_IDENTITY[sdk=iphoneos*]" = "iPhone Developer";
				GCC_PRECOMPILE_PREFIX_HEADER = YES;
				GCC_PREFIX_HEADER = "Off Search/Off Search-Prefix.pch";
				INFOPLIST_FILE = "$(SRCROOT)/Off Search/Off Search-Info.plist";
				IPHONEOS_DEPLOYMENT_TARGET = 7.0;
				LIBRARY_SEARCH_PATHS = (
					"$(inherited)",
					"/Users/shinyahirai/Desktop/github/OffSearch_ver.2/Off\\ Search/Off\\ Search",
					"/Users/shinyahirai/Desktop/github/OffSearch_ver.2/Off\\ Search/Off\\ Search/Ad",
					"/Users/shinyahirai/Desktop/github/OffSearch_ver.2/Off\\ Search/Off\\ Search/Ad/Admob",
				);
				OTHER_LDFLAGS = "-ObjC";
				PRODUCT_NAME = "Off Search";
				PROVISIONING_PROFILE = "";
				TARGETED_DEVICE_FAMILY = 1;
				WRAPPER_EXTENSION = app;
			};
			name = Release;
		};
		654F39C3183F899C00A41EF5 /* Debug */ = {
			isa = XCBuildConfiguration;
			buildSettings = {
				ARCHS = "$(ARCHS_STANDARD_INCLUDING_64_BIT)";
				BUNDLE_LOADER = "$(BUILT_PRODUCTS_DIR)/No connection Dictionary.app/No connection Dictionary";
				FRAMEWORK_SEARCH_PATHS = (
					"$(SDKROOT)/Developer/Library/Frameworks",
					"$(inherited)",
					"$(DEVELOPER_FRAMEWORKS_DIR)",
				);
				GCC_PRECOMPILE_PREFIX_HEADER = YES;
				GCC_PREFIX_HEADER = "No connection Dictionary/No connection Dictionary-Prefix.pch";
				GCC_PREPROCESSOR_DEFINITIONS = (
					"DEBUG=1",
					"$(inherited)",
				);
				INFOPLIST_FILE = "No connection DictionaryTests/Off SearchTests-Info.plist";
				PRODUCT_NAME = "Off SearchTests";
				TEST_HOST = "$(BUNDLE_LOADER)";
				WRAPPER_EXTENSION = xctest;
			};
			name = Debug;
		};
		654F39C4183F899C00A41EF5 /* Release */ = {
			isa = XCBuildConfiguration;
			buildSettings = {
				ARCHS = "$(ARCHS_STANDARD_INCLUDING_64_BIT)";
				BUNDLE_LOADER = "$(BUILT_PRODUCTS_DIR)/No connection Dictionary.app/No connection Dictionary";
				FRAMEWORK_SEARCH_PATHS = (
					"$(SDKROOT)/Developer/Library/Frameworks",
					"$(inherited)",
					"$(DEVELOPER_FRAMEWORKS_DIR)",
				);
				GCC_PRECOMPILE_PREFIX_HEADER = YES;
				GCC_PREFIX_HEADER = "No connection Dictionary/No connection Dictionary-Prefix.pch";
				INFOPLIST_FILE = "No connection DictionaryTests/Off SearchTests-Info.plist";
				PRODUCT_NAME = "Off SearchTests";
				TEST_HOST = "$(BUNDLE_LOADER)";
				WRAPPER_EXTENSION = xctest;
			};
			name = Release;
		};
/* End XCBuildConfiguration section */

/* Begin XCConfigurationList section */
		654F3988183F899C00A41EF5 /* Build configuration list for PBXProject "Off Search" */ = {
			isa = XCConfigurationList;
			buildConfigurations = (
				654F39BD183F899C00A41EF5 /* Debug */,
				654F39BE183F899C00A41EF5 /* Release */,
			);
			defaultConfigurationIsVisible = 0;
			defaultConfigurationName = Release;
		};
		654F39BF183F899C00A41EF5 /* Build configuration list for PBXNativeTarget "Off Search" */ = {
			isa = XCConfigurationList;
			buildConfigurations = (
				654F39C0183F899C00A41EF5 /* Debug */,
				654F39C1183F899C00A41EF5 /* Release */,
			);
			defaultConfigurationIsVisible = 0;
			defaultConfigurationName = Release;
		};
		654F39C2183F899C00A41EF5 /* Build configuration list for PBXNativeTarget "Off SearchTests" */ = {
			isa = XCConfigurationList;
			buildConfigurations = (
				654F39C3183F899C00A41EF5 /* Debug */,
				654F39C4183F899C00A41EF5 /* Release */,
			);
			defaultConfigurationIsVisible = 0;
			defaultConfigurationName = Release;
		};
/* End XCConfigurationList section */

/* Begin XCVersionGroup section */
		654ADB481840040500241DDB /* Model.xcdatamodeld */ = {
			isa = XCVersionGroup;
			children = (
				654ADB491840040500241DDB /* Model.xcdatamodel */,
			);
			currentVersion = 654ADB491840040500241DDB /* Model.xcdatamodel */;
			path = Model.xcdatamodeld;
			sourceTree = "<group>";
			versionGroupType = wrapper.xcdatamodel;
		};
/* End XCVersionGroup section */
	};
	rootObject = 654F3985183F899C00A41EF5 /* Project object */;
}
